{
  "originHash" : "9d20cbea2cb0c7abc924b7be526dac427ebfce8836ace79c47cfd05c3a36d2f8",
  "pins" : [
    {
      "identity" : "statusbarkit",
      "kind" : "remoteSourceControl",
      "location" : "https://github.com/hytfjwr/StatusBarKit",
      "state" : {
        "revision" : "5b5426f7b240975ec644d8c40be4f001d33fb277",
        "version" : "1.9.0"
      }
    }
  ],
  "version" : 3
}
