{
  "originHash" : "9d20cbea2cb0c7abc924b7be526dac427ebfce8836ace79c47cfd05c3a36d2f8",
  "pins" : [
    {
      "identity" : "statusbarkit",
      "kind" : "remoteSourceControl",
      "location" : "https://github.com/hytfjwr/StatusBarKit",
      "state" : {
        "revision" : "9fb295a392e8c9dbc3467627a101ecf9447a64ba",
        "version" : "1.5.0"
      }
    }
  ],
  "version" : 3
}
